
Microsoft Visual Studio Solution File, Format Version 12.00
# Visual Studio 15
VisualStudioVersion = 15.0.27703.2026
MinimumVisualStudioVersion = 10.0.40219.1
Project("{FAE04EC0-301F-11D3-BF4B-00C04F79EFBC}") = "CalcApp", "CalcApp\CalcApp.csproj", "{2602F27C-DA8F-4B30-99DE-1AEAE46EE62D}"
EndProject
Global
	GlobalSection(SolutionConfigurationPlatforms) = preSolution
		Debug|Any CPU = Debug|Any CPU
		Release|Any CPU = Release|Any CPU
	EndGlobalSection
	GlobalSection(ProjectConfigurationPlatforms) = postSolution
		{2602F27C-DA8F-4B30-99DE-1AEAE46EE62D}.Debug|Any CPU.ActiveCfg = Debug|Any CPU
		{2602F27C-DA8F-4B30-99DE-1AEAE46EE62D}.Debug|Any CPU.Build.0 = Debug|Any CPU
		{2602F27C-DA8F-4B30-99DE-1AEAE46EE62D}.Release|Any CPU.ActiveCfg = Release|Any CPU
		{2602F27C-DA8F-4B30-99DE-1AEAE46EE62D}.Release|Any CPU.Build.0 = Release|Any CPU
	EndGlobalSection
	GlobalSection(SolutionProperties) = preSolution
		HideSolutionNode = FALSE
	EndGlobalSection
	GlobalSection(ExtensibilityGlobals) = postSolution
		SolutionGuid = {FEF99E92-1C4A-41C8-873D-2258D43B2D2D}
	EndGlobalSection
EndGlobal
